<?xml version="1.0" encoding="utf-8"?>
<Project ToolsVersion="4.0" xmlns="http://schemas.microsoft.com/developer/msbuild/2003">
  <ItemGroup>
    <Filter Include="Source Files">
      <UniqueIdentifier>{4FC737F1-C7A5-4376-A066-2A32D752A2FF}</UniqueIdentifier>
      <Extensions>cpp;c;cc;cxx;def;odl;idl;hpj;bat;asm;asmx</Extensions>
    </Filter>
    <Filter Include="Header Files">
      <UniqueIdentifier>{93995380-89BD-4b04-88EB-625FBE52EBFB}</UniqueIdentifier>
      <Extensions>h;hh;hpp;hxx;hm;inl;inc;xsd</Extensions>
    </Filter>
    <Filter Include="Resource Files">
      <UniqueIdentifier>{67DA6AB6-F800-4c08-8B7A-83BB121AAD01}</UniqueIdentifier>
      <Extensions>rc;ico;cur;bmp;dlg;rc2;rct;bin;rgs;gif;jpg;jpeg;jpe;resx;tiff;tif;png;wav;mfcribbon-ms</Extensions>
    </Filter>
  </ItemGroup>
  <ItemGroup>
    <ClCompile Include="hive_main.cpp">
      <Filter>Source Files</Filter>
    </ClCompile>
    <ClCompile Include="hive_hooks.cpp">
      <Filter>Source Files</Filter>
    </ClCompile>
    <ClCompile Include="hive_interface.cpp">
      <Filter>Source Files</Filter>
    </ClCompile>
    <ClCompile Include="hive_factory.cpp">
      <Filter>Source Files</Filter>
    </ClCompile>
    <ClCompile Include="hive_troubleshooter.cpp">
      <Filter>Source Files</Filter>
    </ClCompile>
    <ClCompile Include="hive_sigscan.cpp">
      <Filter>Source Files</Filter>
    </ClCompile>
    <ClCompile Include="hive_hookfunctions.cpp">
      <Filter>Source Files</Filter>
    </ClCompile>
    <ClCompile Include="hive_signature.cpp">
      <Filter>Source Files</Filter>
    </ClCompile>
    <ClCompile Include="hive_luamenu.cpp">
      <Filter>Source Files</Filter>
    </ClCompile>
    <ClCompile Include="hive_protection.cpp">
      <Filter>Source Files</Filter>
    </ClCompile>
    <ClCompile Include="hive_optimize.cpp">
      <Filter>Source Files</Filter>
    </ClCompile>
    <ClCompile Include="hive_netvar.cpp">
      <Filter>Source Files</Filter>
    </ClCompile>
    <ClCompile Include="hive_setupnetvars.cpp">
      <Filter>Source Files</Filter>
    </ClCompile>
    <ClCompile Include="hive_baseentity.cpp">
      <Filter>Source Files</Filter>
    </ClCompile>
    <ClCompile Include="hive_native.cpp">
      <Filter>Source Files</Filter>
    </ClCompile>
    <ClCompile Include="hive_draw.cpp">
      <Filter>Source Files</Filter>
    </ClCompile>
    <ClCompile Include="hive_esp.cpp">
      <Filter>Source Files</Filter>
    </ClCompile>
    <ClCompile Include="hive_aimbot.cpp">
      <Filter>Source Files</Filter>
    </ClCompile>
    <ClCompile Include="hive_triggerbot.cpp">
      <Filter>Source Files</Filter>
    </ClCompile>
    <ClCompile Include="hive_antiaim.cpp">
      <Filter>Source Files</Filter>
    </ClCompile>
    <ClCompile Include="hive_nospread.cpp">
      <Filter>Source Files</Filter>
    </ClCompile>
    <ClCompile Include="hive_math.cpp">
      <Filter>Source Files</Filter>
    </ClCompile>
    <ClCompile Include="hive_chams.cpp">
      <Filter>Source Files</Filter>
    </ClCompile>
    <ClCompile Include="hive_util.cpp">
      <Filter>Source Files</Filter>
    </ClCompile>
    <ClCompile Include="hive_observers.cpp">
      <Filter>Source Files</Filter>
    </ClCompile>
    <ClCompile Include="hive_lua_whitelist.cpp">
      <Filter>Source Files</Filter>
    </ClCompile>
    <ClCompile Include="hive_lua_override_check.cpp">
      <Filter>Source Files</Filter>
    </ClCompile>
    <ClCompile Include="hive_lua_api.cpp">
      <Filter>Source Files</Filter>
    </ClCompile>
    <ClCompile Include="hive_bunnyhop.cpp">
      <Filter>Source Files</Filter>
    </ClCompile>
    <ClCompile Include="hive_autostrafe.cpp">
      <Filter>Source Files</Filter>
    </ClCompile>
    <ClCompile Include="hive_enginepredict.cpp">
      <Filter>Source Files</Filter>
    </ClCompile>
    <ClCompile Include="hive_playerresource.cpp">
      <Filter>Source Files</Filter>
    </ClCompile>
    <ClCompile Include="hive_fakelag.cpp">
      <Filter>Source Files</Filter>
    </ClCompile>
    <ClCompile Include="hive_backtrack.cpp">
      <Filter>Source Files</Filter>
    </ClCompile>
  </ItemGroup>
  <ItemGroup>
    <ClInclude Include="hive_dependencies.h">
      <Filter>Header Files</Filter>
    </ClInclude>
    <ClInclude Include="hive_sdk.h">
      <Filter>Header Files</Filter>
    </ClInclude>
    <ClInclude Include="hive_hooks.h">
      <Filter>Header Files</Filter>
    </ClInclude>
    <ClInclude Include="hive_interface.h">
      <Filter>Header Files</Filter>
    </ClInclude>
    <ClInclude Include="hive_factory.h">
      <Filter>Header Files</Filter>
    </ClInclude>
    <ClInclude Include="hive_troubleshooter.h">
      <Filter>Header Files</Filter>
    </ClInclude>
    <ClInclude Include="hive_sigscan.h">
      <Filter>Header Files</Filter>
    </ClInclude>
    <ClInclude Include="hive_hookfunctions.h">
      <Filter>Header Files</Filter>
    </ClInclude>
    <ClInclude Include="hive_definitions.h">
      <Filter>Header Files</Filter>
    </ClInclude>
    <ClInclude Include="hive_signature.h">
      <Filter>Header Files</Filter>
    </ClInclude>
    <ClInclude Include="hive_luamenu.h">
      <Filter>Header Files</Filter>
    </ClInclude>
    <ClInclude Include="hive_protection.h">
      <Filter>Header Files</Filter>
    </ClInclude>
    <ClInclude Include="hive_cheats.h">
      <Filter>Header Files</Filter>
    </ClInclude>
    <ClInclude Include="hive_optimize.h">
      <Filter>Header Files</Filter>
    </ClInclude>
    <ClInclude Include="hive_setupnetvars.h">
      <Filter>Header Files</Filter>
    </ClInclude>
    <ClInclude Include="hive_baseentity.h">
      <Filter>Header Files</Filter>
    </ClInclude>
    <ClInclude Include="hive_netvar.h">
      <Filter>Header Files</Filter>
    </ClInclude>
    <ClInclude Include="hive_native.h">
      <Filter>Header Files</Filter>
    </ClInclude>
    <ClInclude Include="hive_draw.h">
      <Filter>Header Files</Filter>
    </ClInclude>
    <ClInclude Include="hive_esp.h">
      <Filter>Header Files</Filter>
    </ClInclude>
    <ClInclude Include="CMaterialSurface.h">
      <Filter>Header Files</Filter>
    </ClInclude>
    <ClInclude Include="hive_math.h">
      <Filter>Header Files</Filter>
    </ClInclude>
    <ClInclude Include="hive_util.h">
      <Filter>Header Files</Filter>
    </ClInclude>
    <ClInclude Include="CEngineTool.h">
      <Filter>Header Files</Filter>
    </ClInclude>
    <ClInclude Include="hive_lua_whitelist.h">
      <Filter>Header Files</Filter>
    </ClInclude>
    <ClInclude Include="hive_lua_override_check.h">
      <Filter>Header Files</Filter>
    </ClInclude>
    <ClInclude Include="hive_basecombatweapon.h">
      <Filter>Header Files</Filter>
    </ClInclude>
    <ClInclude Include="hive_baseplayer.h">
      <Filter>Header Files</Filter>
    </ClInclude>
    <ClInclude Include="hive_input.h">
      <Filter>Header Files</Filter>
    </ClInclude>
    <ClInclude Include="hive_enginepredict.h">
      <Filter>Header Files</Filter>
    </ClInclude>
    <ClInclude Include="hive_classpred.h">
      <Filter>Header Files</Filter>
    </ClInclude>
    <ClInclude Include="hive_clientstate.h">
      <Filter>Header Files</Filter>
    </ClInclude>
    <ClInclude Include="hive_protocol.h">
      <Filter>Header Files</Filter>
    </ClInclude>
    <ClInclude Include="hive_playerresource.h">
      <Filter>Header Files</Filter>
    </ClInclude>
    <ClInclude Include="hive_netchannel.h">
      <Filter>Header Files</Filter>
    </ClInclude>
  </ItemGroup>
</Project>